
Microsoft Visual Studio Solution File, Format Version 11.00
# Visual Studio 2010
Project("{FAE04EC0-301F-11D3-BF4B-00C04F79EFBC}") = "WWP", "WWP\WWP.csproj", "{D4274F18-5F54-4D27-B92F-8FA7857BC30B}"
EndProject
Global
	GlobalSection(SolutionConfigurationPlatforms) = preSolution
		Debug|Any CPU = Debug|Any CPU
		Release|Any CPU = Release|Any CPU
	EndGlobalSection
	GlobalSection(ProjectConfigurationPlatforms) = postSolution
		{D4274F18-5F54-4D27-B92F-8FA7857BC30B}.Debug|Any CPU.ActiveCfg = Debug|Any CPU
		{D4274F18-5F54-4D27-B92F-8FA7857BC30B}.Debug|Any CPU.Build.0 = Debug|Any CPU
		{D4274F18-5F54-4D27-B92F-8FA7857BC30B}.Debug|Any CPU.Deploy.0 = Debug|Any CPU
		{D4274F18-5F54-4D27-B92F-8FA7857BC30B}.Release|Any CPU.ActiveCfg = Release|Any CPU
		{D4274F18-5F54-4D27-B92F-8FA7857BC30B}.Release|Any CPU.Build.0 = Release|Any CPU
		{D4274F18-5F54-4D27-B92F-8FA7857BC30B}.Release|Any CPU.Deploy.0 = Release|Any CPU
	EndGlobalSection
	GlobalSection(SolutionProperties) = preSolution
		HideSolutionNode = FALSE
	EndGlobalSection
EndGlobal
